PODS:
  - ffmpeg-kit-ios-min-gpl (5.1)
  - ffmpeg_kit_flutter_min_gpl (5.1.0):
    - ffmpeg_kit_flutter_min_gpl/min-gpl (= 5.1.0)
    - Flutter
  - ffmpeg_kit_flutter_min_gpl/min-gpl (5.1.0):
    - ffmpeg-kit-ios-min-gpl (= 5.1)
    - Flutter
  - Flutter (1.0.0)
  - image_picker_ios (0.0.1):
    - Flutter
  - libwebp (1.2.3):
    - libwebp/demux (= 1.2.3)
    - libwebp/mux (= 1.2.3)
    - libwebp/webp (= 1.2.3)
  - libwebp/demux (1.2.3):
    - libwebp/webp
  - libwebp/mux (1.2.3):
    - libwebp/demux
  - libwebp/webp (1.2.3)
  - path_provider_ios (0.0.1):
    - Flutter
  - video_player_avfoundation (0.0.1):
    - Flutter
  - video_thumbnail (0.0.1):
    - Flutter
    - libwebp

DEPENDENCIES:
  - ffmpeg_kit_flutter_min_gpl (from `.symlinks/plugins/ffmpeg_kit_flutter_min_gpl/ios`)
  - Flutter (from `Flutter`)
  - image_picker_ios (from `.symlinks/plugins/image_picker_ios/ios`)
  - path_provider_ios (from `.symlinks/plugins/path_provider_ios/ios`)
  - video_player_avfoundation (from `.symlinks/plugins/video_player_avfoundation/ios`)
  - video_thumbnail (from `.symlinks/plugins/video_thumbnail/ios`)

SPEC REPOS:
  trunk:
    - ffmpeg-kit-ios-min-gpl
    - libwebp

EXTERNAL SOURCES:
  ffmpeg_kit_flutter_min_gpl:
    :path: ".symlinks/plugins/ffmpeg_kit_flutter_min_gpl/ios"
  Flutter:
    :path: Flutter
  image_picker_ios:
    :path: ".symlinks/plugins/image_picker_ios/ios"
  path_provider_ios:
    :path: ".symlinks/plugins/path_provider_ios/ios"
  video_player_avfoundation:
    :path: ".symlinks/plugins/video_player_avfoundation/ios"
  video_thumbnail:
    :path: ".symlinks/plugins/video_thumbnail/ios"

SPEC CHECKSUMS:
  ffmpeg-kit-ios-min-gpl: ac5eb47f98b27e26d14c009de3ce9181007ce688
  ffmpeg_kit_flutter_min_gpl: f657651b493b7608fad9dda3ad606eb0946c9faa
  Flutter: f04841e97a9d0b0a8025694d0796dd46242b2854
  image_picker_ios: b786a5dcf033a8336a657191401bfdf12017dabb
  libwebp: 60305b2e989864154bd9be3d772730f08fc6a59c
  path_provider_ios: 14f3d2fd28c4fdb42f44e0f751d12861c43cee02
  video_player_avfoundation: e489aac24ef5cf7af82702979ed16f2a5ef84cff
  video_thumbnail: c4e2a3c539e247d4de13cd545344fd2d26ffafd1

PODFILE CHECKSUM: ccd901b1465efa56fa30557fdc5ae4eddcc3f504

COCOAPODS: 1.11.3
